{
  "name": "email",
  "version": "1.0.0",
  "lockfileVersion": 3,
  "requires": true,
  "packages": {
    "": {
      "name": "email",
      "version": "1.0.0",
      "license": "ISC",
      "dependencies": {
        "nodemailer": "^6.9.10"
      }
    },
    "node_modules/nodemailer": {
      "version": "6.9.10",
      "resolved": "https://registry.npmjs.org/nodemailer/-/nodemailer-6.9.10.tgz",
      "integrity": "sha512-qtoKfGFhvIFW5kLfrkw2R6Nm6Ur4LNUMykyqu6n9BRKJuyQrqEGwdXXUAbwWEKt33dlWUGXb7rzmJP/p4+O+CA==",
      "engines": {
        "node": ">=6.0.0"
      }
    }
  }
}
